// !$*UTF8*$!
{
	archiveVersion = 1;
	classes = {
	};
	objectVersion = 56;
	objects = {

/* Begin PBXBuildFile section */
		53351E392C405499002F4955 /* CustomTabView.swift in Sources */ = {isa = PBXBuildFile; fileRef = 53351E382C405499002F4955 /* CustomTabView.swift */; };
		53351E3B2C405DC5002F4955 /* NewsManager.swift in Sources */ = {isa = PBXBuildFile; fileRef = 53351E3A2C405DC5002F4955 /* NewsManager.swift */; };
		53351E3D2C406EF5002F4955 /* NewsCardComponent.swift in Sources */ = {isa = PBXBuildFile; fileRef = 53351E3C2C406EF5002F4955 /* NewsCardComponent.swift */; };
		53351E402C40740B002F4955 /* Kingfisher in Frameworks */ = {isa = PBXBuildFile; productRef = 53351E3F2C40740B002F4955 /* Kingfisher */; };
		53351E422C408A37002F4955 /* ArticleView.swift in Sources */ = {isa = PBXBuildFile; fileRef = 53351E412C408A37002F4955 /* ArticleView.swift */; };
		533F1D722C4050C80097293B /* NewsAppApp.swift in Sources */ = {isa = PBXBuildFile; fileRef = 533F1D712C4050C80097293B /* NewsAppApp.swift */; };
		533F1D742C4050C80097293B /* ContentView.swift in Sources */ = {isa = PBXBuildFile; fileRef = 533F1D732C4050C80097293B /* ContentView.swift */; };
		533F1D762C4050CB0097293B /* Assets.xcassets in Resources */ = {isa = PBXBuildFile; fileRef = 533F1D752C4050CB0097293B /* Assets.xcassets */; };
		533F1D792C4050CB0097293B /* Preview Assets.xcassets in Resources */ = {isa = PBXBuildFile; fileRef = 533F1D782C4050CB0097293B /* Preview Assets.xcassets */; };
		533F1D832C40516D0097293B /* NewsView.swift in Sources */ = {isa = PBXBuildFile; fileRef = 533F1D822C40516D0097293B /* NewsView.swift */; };
		533F1D852C40517E0097293B /* SearchView.swift in Sources */ = {isa = PBXBuildFile; fileRef = 533F1D842C40517E0097293B /* SearchView.swift */; };
		533F1D872C40518D0097293B /* SettingsView.swift in Sources */ = {isa = PBXBuildFile; fileRef = 533F1D862C40518D0097293B /* SettingsView.swift */; };
		537E44E22C62A6AE00B27EE4 /* MyTextMLmodel.mlmodel in Sources */ = {isa = PBXBuildFile; fileRef = 537E44E12C62A6AE00B27EE4 /* MyTextMLmodel.mlmodel */; };
		537E44E42C62A73900B27EE4 /* NewsClassifier.swift in Sources */ = {isa = PBXBuildFile; fileRef = 537E44E32C62A73900B27EE4 /* NewsClassifier.swift */; };
		537E44E72C62E60200B27EE4 /* PurchaseViewModel.swift in Sources */ = {isa = PBXBuildFile; fileRef = 537E44E62C62E60200B27EE4 /* PurchaseViewModel.swift */; };
/* End PBXBuildFile section */

/* Begin PBXFileReference section */
		53351E382C405499002F4955 /* CustomTabView.swift */ = {isa = PBXFileReference; lastKnownFileType = sourcecode.swift; path = CustomTabView.swift; sourceTree = "<group>"; };
		53351E3A2C405DC5002F4955 /* NewsManager.swift */ = {isa = PBXFileReference; lastKnownFileType = sourcecode.swift; path = NewsManager.swift; sourceTree = "<group>"; };
		53351E3C2C406EF5002F4955 /* NewsCardComponent.swift */ = {isa = PBXFileReference; lastKnownFileType = sourcecode.swift; path = NewsCardComponent.swift; sourceTree = "<group>"; };
		53351E412C408A37002F4955 /* ArticleView.swift */ = {isa = PBXFileReference; lastKnownFileType = sourcecode.swift; path = ArticleView.swift; sourceTree = "<group>"; };
		533F1D6E2C4050C80097293B /* NewsApp.app */ = {isa = PBXFileReference; explicitFileType = wrapper.application; includeInIndex = 0; path = NewsApp.app; sourceTree = BUILT_PRODUCTS_DIR; };
		533F1D712C4050C80097293B /* NewsAppApp.swift */ = {isa = PBXFileReference; lastKnownFileType = sourcecode.swift; path = NewsAppApp.swift; sourceTree = "<group>"; };
		533F1D732C4050C80097293B /* ContentView.swift */ = {isa = PBXFileReference; lastKnownFileType = sourcecode.swift; path = ContentView.swift; sourceTree = "<group>"; };
		533F1D752C4050CB0097293B /* Assets.xcassets */ = {isa = PBXFileReference; lastKnownFileType = folder.assetcatalog; path = Assets.xcassets; sourceTree = "<group>"; };
		533F1D782C4050CB0097293B /* Preview Assets.xcassets */ = {isa = PBXFileReference; lastKnownFileType = folder.assetcatalog; path = "Preview Assets.xcassets"; sourceTree = "<group>"; };
		533F1D822C40516D0097293B /* NewsView.swift */ = {isa = PBXFileReference; lastKnownFileType = sourcecode.swift; path = NewsView.swift; sourceTree = "<group>"; };
		533F1D842C40517E0097293B /* SearchView.swift */ = {isa = PBXFileReference; lastKnownFileType = sourcecode.swift; path = SearchView.swift; sourceTree = "<group>"; };
		533F1D862C40518D0097293B /* SettingsView.swift */ = {isa = PBXFileReference; lastKnownFileType = sourcecode.swift; path = SettingsView.swift; sourceTree = "<group>"; };
		537E44E12C62A6AE00B27EE4 /* MyTextMLmodel.mlmodel */ = {isa = PBXFileReference; lastKnownFileType = file.mlmodel; name = MyTextMLmodel.mlmodel; path = ../../MyTextMLmodel.mlmodel; sourceTree = "<group>"; };
		537E44E32C62A73900B27EE4 /* NewsClassifier.swift */ = {isa = PBXFileReference; lastKnownFileType = sourcecode.swift; path = NewsClassifier.swift; sourceTree = "<group>"; };
		537E44E52C62E4A200B27EE4 /* Product.storekit */ = {isa = PBXFileReference; lastKnownFileType = text; name = Product.storekit; path = ../../../Product.storekit; sourceTree = "<group>"; };
		537E44E62C62E60200B27EE4 /* PurchaseViewModel.swift */ = {isa = PBXFileReference; lastKnownFileType = sourcecode.swift; path = PurchaseViewModel.swift; sourceTree = "<group>"; };
/* End PBXFileReference section */

/* Begin PBXFrameworksBuildPhase section */
		533F1D6B2C4050C80097293B /* Frameworks */ = {
			isa = PBXFrameworksBuildPhase;
			buildActionMask = 2147483647;
			files = (
				53351E402C40740B002F4955 /* Kingfisher in Frameworks */,
			);
			runOnlyForDeploymentPostprocessing = 0;
		};
/* End PBXFrameworksBuildPhase section */

/* Begin PBXGroup section */
		533F1D652C4050C80097293B = {
			isa = PBXGroup;
			children = (
				533F1D702C4050C80097293B /* NewsApp */,
				533F1D6F2C4050C80097293B /* Products */,
			);
			sourceTree = "<group>";
		};
		533F1D6F2C4050C80097293B /* Products */ = {
			isa = PBXGroup;
			children = (
				533F1D6E2C4050C80097293B /* NewsApp.app */,
			);
			name = Products;
			sourceTree = "<group>";
		};
		533F1D702C4050C80097293B /* NewsApp */ = {
			isa = PBXGroup;
			children = (
				533F1D712C4050C80097293B /* NewsAppApp.swift */,
				533F1D812C40513F0097293B /* Models */,
				533F1D802C4050FC0097293B /* Utilities */,
				533F1D7F2C4050F00097293B /* Views */,
				537E44E12C62A6AE00B27EE4 /* MyTextMLmodel.mlmodel */,
				533F1D752C4050CB0097293B /* Assets.xcassets */,
				533F1D772C4050CB0097293B /* Preview Content */,
			);
			path = NewsApp;
			sourceTree = "<group>";
		};
		533F1D772C4050CB0097293B /* Preview Content */ = {
			isa = PBXGroup;
			children = (
				533F1D782C4050CB0097293B /* Preview Assets.xcassets */,
			);
			path = "Preview Content";
			sourceTree = "<group>";
		};
		533F1D7F2C4050F00097293B /* Views */ = {
			isa = PBXGroup;
			children = (
				533F1D732C4050C80097293B /* ContentView.swift */,
				533F1D822C40516D0097293B /* NewsView.swift */,
				533F1D842C40517E0097293B /* SearchView.swift */,
				533F1D862C40518D0097293B /* SettingsView.swift */,
				53351E412C408A37002F4955 /* ArticleView.swift */,
			);
			name = Views;
			path = "New Group";
			sourceTree = "<group>";
		};
		533F1D802C4050FC0097293B /* Utilities */ = {
			isa = PBXGroup;
			children = (
				53351E382C405499002F4955 /* CustomTabView.swift */,
				53351E3C2C406EF5002F4955 /* NewsCardComponent.swift */,
				537E44E32C62A73900B27EE4 /* NewsClassifier.swift */,
				537E44E52C62E4A200B27EE4 /* Product.storekit */,
			);
			path = Utilities;
			sourceTree = "<group>";
		};
		533F1D812C40513F0097293B /* Models */ = {
			isa = PBXGroup;
			children = (
				53351E3A2C405DC5002F4955 /* NewsManager.swift */,
				537E44E62C62E60200B27EE4 /* PurchaseViewModel.swift */,
			);
			path = Models;
			sourceTree = "<group>";
		};
/* End PBXGroup section */

/* Begin PBXNativeTarget section */
		533F1D6D2C4050C80097293B /* NewsApp */ = {
			isa = PBXNativeTarget;
			buildConfigurationList = 533F1D7C2C4050CB0097293B /* Build configuration list for PBXNativeTarget "NewsApp" */;
			buildPhases = (
				533F1D6A2C4050C80097293B /* Sources */,
				533F1D6B2C4050C80097293B /* Frameworks */,
				533F1D6C2C4050C80097293B /* Resources */,
			);
			buildRules = (
			);
			dependencies = (
			);
			name = NewsApp;
			packageProductDependencies = (
				53351E3F2C40740B002F4955 /* Kingfisher */,
			);
			productName = NewsApp;
			productReference = 533F1D6E2C4050C80097293B /* NewsApp.app */;
			productType = "com.apple.product-type.application";
		};
/* End PBXNativeTarget section */

/* Begin PBXProject section */
		533F1D662C4050C80097293B /* Project object */ = {
			isa = PBXProject;
			attributes = {
				BuildIndependentTargetsInParallel = 1;
				LastSwiftUpdateCheck = 1530;
				LastUpgradeCheck = 1530;
				TargetAttributes = {
					533F1D6D2C4050C80097293B = {
						CreatedOnToolsVersion = 15.3;
					};
				};
			};
			buildConfigurationList = 533F1D692C4050C80097293B /* Build configuration list for PBXProject "NewsApp" */;
			compatibilityVersion = "Xcode 14.0";
			developmentRegion = en;
			hasScannedForEncodings = 0;
			knownRegions = (
				en,
				Base,
			);
			mainGroup = 533F1D652C4050C80097293B;
			packageReferences = (
				53351E3E2C40740B002F4955 /* XCRemoteSwiftPackageReference "Kingfisher" */,
			);
			productRefGroup = 533F1D6F2C4050C80097293B /* Products */;
			projectDirPath = "";
			projectRoot = "";
			targets = (
				533F1D6D2C4050C80097293B /* NewsApp */,
			);
		};
/* End PBXProject section */

/* Begin PBXResourcesBuildPhase section */
		533F1D6C2C4050C80097293B /* Resources */ = {
			isa = PBXResourcesBuildPhase;
			buildActionMask = 2147483647;
			files = (
				533F1D792C4050CB0097293B /* Preview Assets.xcassets in Resources */,
				533F1D762C4050CB0097293B /* Assets.xcassets in Resources */,
			);
			runOnlyForDeploymentPostprocessing = 0;
		};
/* End PBXResourcesBuildPhase section */

/* Begin PBXSourcesBuildPhase section */
		533F1D6A2C4050C80097293B /* Sources */ = {
			isa = PBXSourcesBuildPhase;
			buildActionMask = 2147483647;
			files = (
				533F1D872C40518D0097293B /* SettingsView.swift in Sources */,
				537E44E72C62E60200B27EE4 /* PurchaseViewModel.swift in Sources */,
				533F1D852C40517E0097293B /* SearchView.swift in Sources */,
				533F1D832C40516D0097293B /* NewsView.swift in Sources */,
				53351E392C405499002F4955 /* CustomTabView.swift in Sources */,
				53351E3D2C406EF5002F4955 /* NewsCardComponent.swift in Sources */,
				533F1D742C4050C80097293B /* ContentView.swift in Sources */,
				537E44E22C62A6AE00B27EE4 /* MyTextMLmodel.mlmodel in Sources */,
				53351E3B2C405DC5002F4955 /* NewsManager.swift in Sources */,
				53351E422C408A37002F4955 /* ArticleView.swift in Sources */,
				533F1D722C4050C80097293B /* NewsAppApp.swift in Sources */,
				537E44E42C62A73900B27EE4 /* NewsClassifier.swift in Sources */,
			);
			runOnlyForDeploymentPostprocessing = 0;
		};
/* End PBXSourcesBuildPhase section */

/* Begin XCBuildConfiguration section */
		533F1D7A2C4050CB0097293B /* Debug */ = {
			isa = XCBuildConfiguration;
			buildSettings = {
				ALWAYS_SEARCH_USER_PATHS = NO;
				ASSETCATALOG_COMPILER_GENERATE_SWIFT_ASSET_SYMBOL_EXTENSIONS = YES;
				CLANG_ANALYZER_NONNULL = YES;
				CLANG_ANALYZER_NUMBER_OBJECT_CONVERSION = YES_AGGRESSIVE;
				CLANG_CXX_LANGUAGE_STANDARD = "gnu++20";
				CLANG_ENABLE_MODULES = YES;
				CLANG_ENABLE_OBJC_ARC = YES;
				CLANG_ENABLE_OBJC_WEAK = YES;
				CLANG_WARN_BLOCK_CAPTURE_AUTORELEASING = YES;
				CLANG_WARN_BOOL_CONVERSION = YES;
				CLANG_WARN_COMMA = YES;
				CLANG_WARN_CONSTANT_CONVERSION = YES;
				CLANG_WARN_DEPRECATED_OBJC_IMPLEMENTATIONS = YES;
				CLANG_WARN_DIRECT_OBJC_ISA_USAGE = YES_ERROR;
				CLANG_WARN_DOCUMENTATION_COMMENTS = YES;
				CLANG_WARN_EMPTY_BODY = YES;
				CLANG_WARN_ENUM_CONVERSION = YES;
				CLANG_WARN_INFINITE_RECURSION = YES;
				CLANG_WARN_INT_CONVERSION = YES;
				CLANG_WARN_NON_LITERAL_NULL_CONVERSION = YES;
				CLANG_WARN_OBJC_IMPLICIT_RETAIN_SELF = YES;
				CLANG_WARN_OBJC_LITERAL_CONVERSION = YES;
				CLANG_WARN_OBJC_ROOT_CLASS = YES_ERROR;
				CLANG_WARN_QUOTED_INCLUDE_IN_FRAMEWORK_HEADER = YES;
				CLANG_WARN_RANGE_LOOP_ANALYSIS = YES;
				CLANG_WARN_STRICT_PROTOTYPES = YES;
				CLANG_WARN_SUSPICIOUS_MOVE = YES;
				CLANG_WARN_UNGUARDED_AVAILABILITY = YES_AGGRESSIVE;
				CLANG_WARN_UNREACHABLE_CODE = YES;
				CLANG_WARN__DUPLICATE_METHOD_MATCH = YES;
				COPY_PHASE_STRIP = NO;
				DEBUG_INFORMATION_FORMAT = dwarf;
				ENABLE_STRICT_OBJC_MSGSEND = YES;
				ENABLE_TESTABILITY = YES;
				ENABLE_USER_SCRIPT_SANDBOXING = YES;
				GCC_C_LANGUAGE_STANDARD = gnu17;
				GCC_DYNAMIC_NO_PIC = NO;
				GCC_NO_COMMON_BLOCKS = YES;
				GCC_OPTIMIZATION_LEVEL = 0;
				GCC_PREPROCESSOR_DEFINITIONS = (
					"DEBUG=1",
					"$(inherited)",
				);
				GCC_WARN_64_TO_32_BIT_CONVERSION = YES;
				GCC_WARN_ABOUT_RETURN_TYPE = YES_ERROR;
				GCC_WARN_UNDECLARED_SELECTOR = YES;
				GCC_WARN_UNINITIALIZED_AUTOS = YES_AGGRESSIVE;
				GCC_WARN_UNUSED_FUNCTION = YES;
				GCC_WARN_UNUSED_VARIABLE = YES;
				IPHONEOS_DEPLOYMENT_TARGET = 17.4;
				LOCALIZATION_PREFERS_STRING_CATALOGS = YES;
				MTL_ENABLE_DEBUG_INFO = INCLUDE_SOURCE;
				MTL_FAST_MATH = YES;
				ONLY_ACTIVE_ARCH = YES;
				SDKROOT = iphoneos;
				SWIFT_ACTIVE_COMPILATION_CONDITIONS = "DEBUG $(inherited)";
				SWIFT_OPTIMIZATION_LEVEL = "-Onone";
			};
			name = Debug;
		};
		533F1D7B2C4050CB0097293B /* Release */ = {
			isa = XCBuildConfiguration;
			buildSettings = {
				ALWAYS_SEARCH_USER_PATHS = NO;
				ASSETCATALOG_COMPILER_GENERATE_SWIFT_ASSET_SYMBOL_EXTENSIONS = YES;
				CLANG_ANALYZER_NONNULL = YES;
				CLANG_ANALYZER_NUMBER_OBJECT_CONVERSION = YES_AGGRESSIVE;
				CLANG_CXX_LANGUAGE_STANDARD = "gnu++20";
				CLANG_ENABLE_MODULES = YES;
				CLANG_ENABLE_OBJC_ARC = YES;
				CLANG_ENABLE_OBJC_WEAK = YES;
				CLANG_WARN_BLOCK_CAPTURE_AUTORELEASING = YES;
				CLANG_WARN_BOOL_CONVERSION = YES;
				CLANG_WARN_COMMA = YES;
				CLANG_WARN_CONSTANT_CONVERSION = YES;
				CLANG_WARN_DEPRECATED_OBJC_IMPLEMENTATIONS = YES;
				CLANG_WARN_DIRECT_OBJC_ISA_USAGE = YES_ERROR;
				CLANG_WARN_DOCUMENTATION_COMMENTS = YES;
				CLANG_WARN_EMPTY_BODY = YES;
				CLANG_WARN_ENUM_CONVERSION = YES;
				CLANG_WARN_INFINITE_RECURSION = YES;
				CLANG_WARN_INT_CONVERSION = YES;
				CLANG_WARN_NON_LITERAL_NULL_CONVERSION = YES;
				CLANG_WARN_OBJC_IMPLICIT_RETAIN_SELF = YES;
				CLANG_WARN_OBJC_LITERAL_CONVERSION = YES;
				CLANG_WARN_OBJC_ROOT_CLASS = YES_ERROR;
				CLANG_WARN_QUOTED_INCLUDE_IN_FRAMEWORK_HEADER = YES;
				CLANG_WARN_RANGE_LOOP_ANALYSIS = YES;
				CLANG_WARN_STRICT_PROTOTYPES = YES;
				CLANG_WARN_SUSPICIOUS_MOVE = YES;
				CLANG_WARN_UNGUARDED_AVAILABILITY = YES_AGGRESSIVE;
				CLANG_WARN_UNREACHABLE_CODE = YES;
				CLANG_WARN__DUPLICATE_METHOD_MATCH = YES;
				COPY_PHASE_STRIP = NO;
				DEBUG_INFORMATION_FORMAT = "dwarf-with-dsym";
				ENABLE_NS_ASSERTIONS = NO;
				ENABLE_STRICT_OBJC_MSGSEND = YES;
				ENABLE_USER_SCRIPT_SANDBOXING = YES;
				GCC_C_LANGUAGE_STANDARD = gnu17;
				GCC_NO_COMMON_BLOCKS = YES;
				GCC_WARN_64_TO_32_BIT_CONVERSION = YES;
				GCC_WARN_ABOUT_RETURN_TYPE = YES_ERROR;
				GCC_WARN_UNDECLARED_SELECTOR = YES;
				GCC_WARN_UNINITIALIZED_AUTOS = YES_AGGRESSIVE;
				GCC_WARN_UNUSED_FUNCTION = YES;
				GCC_WARN_UNUSED_VARIABLE = YES;
				IPHONEOS_DEPLOYMENT_TARGET = 17.4;
				LOCALIZATION_PREFERS_STRING_CATALOGS = YES;
				MTL_ENABLE_DEBUG_INFO = NO;
				MTL_FAST_MATH = YES;
				SDKROOT = iphoneos;
				SWIFT_COMPILATION_MODE = wholemodule;
				VALIDATE_PRODUCT = YES;
			};
			name = Release;
		};
		533F1D7D2C4050CB0097293B /* Debug */ = {
			isa = XCBuildConfiguration;
			buildSettings = {
				ASSETCATALOG_COMPILER_APPICON_NAME = AppIcon;
				ASSETCATALOG_COMPILER_GLOBAL_ACCENT_COLOR_NAME = AccentColor;
				CODE_SIGN_STYLE = Automatic;
				CURRENT_PROJECT_VERSION = 1;
				DEVELOPMENT_ASSET_PATHS = "\"NewsApp/Preview Content\"";
				DEVELOPMENT_TEAM = LF49R4B4F3;
				ENABLE_PREVIEWS = YES;
				GENERATE_INFOPLIST_FILE = YES;
				INFOPLIST_KEY_UIApplicationSceneManifest_Generation = YES;
				INFOPLIST_KEY_UIApplicationSupportsIndirectInputEvents = YES;
				INFOPLIST_KEY_UILaunchScreen_Generation = YES;
				INFOPLIST_KEY_UISupportedInterfaceOrientations_iPad = "UIInterfaceOrientationPortrait UIInterfaceOrientationPortraitUpsideDown UIInterfaceOrientationLandscapeLeft UIInterfaceOrientationLandscapeRight";
				INFOPLIST_KEY_UISupportedInterfaceOrientations_iPhone = "UIInterfaceOrientationPortrait UIInterfaceOrientationLandscapeLeft UIInterfaceOrientationLandscapeRight";
				LD_RUNPATH_SEARCH_PATHS = (
					"$(inherited)",
					"@executable_path/Frameworks",
				);
				MARKETING_VERSION = 1.0;
				PRODUCT_BUNDLE_IDENTIFIER = kingoj.NewsApp;
				PRODUCT_NAME = "$(TARGET_NAME)";
				SWIFT_EMIT_LOC_STRINGS = YES;
				SWIFT_VERSION = 5.0;
				TARGETED_DEVICE_FAMILY = "1,2";
			};
			name = Debug;
		};
		533F1D7E2C4050CB0097293B /* Release */ = {
			isa = XCBuildConfiguration;
			buildSettings = {
				ASSETCATALOG_COMPILER_APPICON_NAME = AppIcon;
				ASSETCATALOG_COMPILER_GLOBAL_ACCENT_COLOR_NAME = AccentColor;
				CODE_SIGN_STYLE = Automatic;
				CURRENT_PROJECT_VERSION = 1;
				DEVELOPMENT_ASSET_PATHS = "\"NewsApp/Preview Content\"";
				DEVELOPMENT_TEAM = LF49R4B4F3;
				ENABLE_PREVIEWS = YES;
				GENERATE_INFOPLIST_FILE = YES;
				INFOPLIST_KEY_UIApplicationSceneManifest_Generation = YES;
				INFOPLIST_KEY_UIApplicationSupportsIndirectInputEvents = YES;
				INFOPLIST_KEY_UILaunchScreen_Generation = YES;
				INFOPLIST_KEY_UISupportedInterfaceOrientations_iPad = "UIInterfaceOrientationPortrait UIInterfaceOrientationPortraitUpsideDown UIInterfaceOrientationLandscapeLeft UIInterfaceOrientationLandscapeRight";
				INFOPLIST_KEY_UISupportedInterfaceOrientations_iPhone = "UIInterfaceOrientationPortrait UIInterfaceOrientationLandscapeLeft UIInterfaceOrientationLandscapeRight";
				LD_RUNPATH_SEARCH_PATHS = (
					"$(inherited)",
					"@executable_path/Frameworks",
				);
				MARKETING_VERSION = 1.0;
				PRODUCT_BUNDLE_IDENTIFIER = kingoj.NewsApp;
				PRODUCT_NAME = "$(TARGET_NAME)";
				SWIFT_EMIT_LOC_STRINGS = YES;
				SWIFT_VERSION = 5.0;
				TARGETED_DEVICE_FAMILY = "1,2";
			};
			name = Release;
		};
/* End XCBuildConfiguration section */

/* Begin XCConfigurationList section */
		533F1D692C4050C80097293B /* Build configuration list for PBXProject "NewsApp" */ = {
			isa = XCConfigurationList;
			buildConfigurations = (
				533F1D7A2C4050CB0097293B /* Debug */,
				533F1D7B2C4050CB0097293B /* Release */,
			);
			defaultConfigurationIsVisible = 0;
			defaultConfigurationName = Release;
		};
		533F1D7C2C4050CB0097293B /* Build configuration list for PBXNativeTarget "NewsApp" */ = {
			isa = XCConfigurationList;
			buildConfigurations = (
				533F1D7D2C4050CB0097293B /* Debug */,
				533F1D7E2C4050CB0097293B /* Release */,
			);
			defaultConfigurationIsVisible = 0;
			defaultConfigurationName = Release;
		};
/* End XCConfigurationList section */

/* Begin XCRemoteSwiftPackageReference section */
		53351E3E2C40740B002F4955 /* XCRemoteSwiftPackageReference "Kingfisher" */ = {
			isa = XCRemoteSwiftPackageReference;
			repositoryURL = "https://github.com/onevcat/Kingfisher";
			requirement = {
				kind = upToNextMajorVersion;
				minimumVersion = 7.12.0;
			};
		};
/* End XCRemoteSwiftPackageReference section */

/* Begin XCSwiftPackageProductDependency section */
		53351E3F2C40740B002F4955 /* Kingfisher */ = {
			isa = XCSwiftPackageProductDependency;
			package = 53351E3E2C40740B002F4955 /* XCRemoteSwiftPackageReference "Kingfisher" */;
			productName = Kingfisher;
		};
/* End XCSwiftPackageProductDependency section */
	};
	rootObject = 533F1D662C4050C80097293B /* Project object */;
}
